
Microsoft Visual Studio Solution File, Format Version 12.00
# Visual Studio Version 17
VisualStudioVersion = 17.5.33627.172
MinimumVisualStudioVersion = 10.0.40219.1
Project("{2150E333-8FDC-42A3-9474-1A3956D46DE8}") = "Recursion", "Recursion", "{C97777A0-E586-4ED2-8D42-A6307B52CAFE}"
EndProject
Project("{8BC9CEB8-8B4A-11D0-8D11-00A0C91BC942}") = "Recursion", "Recursion\Recursion\Recursion.vcxproj", "{872534DE-74E2-4B2F-9445-084B252F8A18}"
EndProject
Project("{8BC9CEB8-8B4A-11D0-8D11-00A0C91BC942}") = "StaticAndGlobalVariablesInRecursion", "Recursion\StaticAndGlobalVariablesInRecursion\StaticAndGlobalVariablesInRecursion.vcxproj", "{B108255E-41A6-4362-B8CA-46328C7F8552}"
EndProject
Project("{8BC9CEB8-8B4A-11D0-8D11-00A0C91BC942}") = "TreeRecursion", "Recursion\TreeRecursion\TreeRecursion.vcxproj", "{6BEACAB8-54DE-4220-AB6C-845E6676CF1A}"
EndProject
Project("{8BC9CEB8-8B4A-11D0-8D11-00A0C91BC942}") = "IndirectRecursion", "Recursion\IndirectRecursion\IndirectRecursion.vcxproj", "{A559C789-CFA9-469A-B5EB-881C862AA186}"
EndProject
Project("{8BC9CEB8-8B4A-11D0-8D11-00A0C91BC942}") = "NestedRecursion", "Recursion\NestedRecursion\NestedRecursion.vcxproj", "{A4E064EF-3D85-4760-8E85-8B3BCCC870E7}"
EndProject
Global
	GlobalSection(SolutionConfigurationPlatforms) = preSolution
		Debug|x64 = Debug|x64
		Debug|x86 = Debug|x86
		Release|x64 = Release|x64
		Release|x86 = Release|x86
	EndGlobalSection
	GlobalSection(ProjectConfigurationPlatforms) = postSolution
		{872534DE-74E2-4B2F-9445-084B252F8A18}.Debug|x64.ActiveCfg = Debug|x64
		{872534DE-74E2-4B2F-9445-084B252F8A18}.Debug|x64.Build.0 = Debug|x64
		{872534DE-74E2-4B2F-9445-084B252F8A18}.Debug|x86.ActiveCfg = Debug|Win32
		{872534DE-74E2-4B2F-9445-084B252F8A18}.Debug|x86.Build.0 = Debug|Win32
		{872534DE-74E2-4B2F-9445-084B252F8A18}.Release|x64.ActiveCfg = Release|x64
		{872534DE-74E2-4B2F-9445-084B252F8A18}.Release|x64.Build.0 = Release|x64
		{872534DE-74E2-4B2F-9445-084B252F8A18}.Release|x86.ActiveCfg = Release|Win32
		{872534DE-74E2-4B2F-9445-084B252F8A18}.Release|x86.Build.0 = Release|Win32
		{B108255E-41A6-4362-B8CA-46328C7F8552}.Debug|x64.ActiveCfg = Debug|x64
		{B108255E-41A6-4362-B8CA-46328C7F8552}.Debug|x64.Build.0 = Debug|x64
		{B108255E-41A6-4362-B8CA-46328C7F8552}.Debug|x86.ActiveCfg = Debug|Win32
		{B108255E-41A6-4362-B8CA-46328C7F8552}.Debug|x86.Build.0 = Debug|Win32
		{B108255E-41A6-4362-B8CA-46328C7F8552}.Release|x64.ActiveCfg = Release|x64
		{B108255E-41A6-4362-B8CA-46328C7F8552}.Release|x64.Build.0 = Release|x64
		{B108255E-41A6-4362-B8CA-46328C7F8552}.Release|x86.ActiveCfg = Release|Win32
		{B108255E-41A6-4362-B8CA-46328C7F8552}.Release|x86.Build.0 = Release|Win32
		{6BEACAB8-54DE-4220-AB6C-845E6676CF1A}.Debug|x64.ActiveCfg = Debug|x64
		{6BEACAB8-54DE-4220-AB6C-845E6676CF1A}.Debug|x64.Build.0 = Debug|x64
		{6BEACAB8-54DE-4220-AB6C-845E6676CF1A}.Debug|x86.ActiveCfg = Debug|Win32
		{6BEACAB8-54DE-4220-AB6C-845E6676CF1A}.Debug|x86.Build.0 = Debug|Win32
		{6BEACAB8-54DE-4220-AB6C-845E6676CF1A}.Release|x64.ActiveCfg = Release|x64
		{6BEACAB8-54DE-4220-AB6C-845E6676CF1A}.Release|x64.Build.0 = Release|x64
		{6BEACAB8-54DE-4220-AB6C-845E6676CF1A}.Release|x86.ActiveCfg = Release|Win32
		{6BEACAB8-54DE-4220-AB6C-845E6676CF1A}.Release|x86.Build.0 = Release|Win32
		{A559C789-CFA9-469A-B5EB-881C862AA186}.Debug|x64.ActiveCfg = Debug|x64
		{A559C789-CFA9-469A-B5EB-881C862AA186}.Debug|x64.Build.0 = Debug|x64
		{A559C789-CFA9-469A-B5EB-881C862AA186}.Debug|x86.ActiveCfg = Debug|Win32
		{A559C789-CFA9-469A-B5EB-881C862AA186}.Debug|x86.Build.0 = Debug|Win32
		{A559C789-CFA9-469A-B5EB-881C862AA186}.Release|x64.ActiveCfg = Release|x64
		{A559C789-CFA9-469A-B5EB-881C862AA186}.Release|x64.Build.0 = Release|x64
		{A559C789-CFA9-469A-B5EB-881C862AA186}.Release|x86.ActiveCfg = Release|Win32
		{A559C789-CFA9-469A-B5EB-881C862AA186}.Release|x86.Build.0 = Release|Win32
		{A4E064EF-3D85-4760-8E85-8B3BCCC870E7}.Debug|x64.ActiveCfg = Debug|x64
		{A4E064EF-3D85-4760-8E85-8B3BCCC870E7}.Debug|x64.Build.0 = Debug|x64
		{A4E064EF-3D85-4760-8E85-8B3BCCC870E7}.Debug|x86.ActiveCfg = Debug|Win32
		{A4E064EF-3D85-4760-8E85-8B3BCCC870E7}.Debug|x86.Build.0 = Debug|Win32
		{A4E064EF-3D85-4760-8E85-8B3BCCC870E7}.Release|x64.ActiveCfg = Release|x64
		{A4E064EF-3D85-4760-8E85-8B3BCCC870E7}.Release|x64.Build.0 = Release|x64
		{A4E064EF-3D85-4760-8E85-8B3BCCC870E7}.Release|x86.ActiveCfg = Release|Win32
		{A4E064EF-3D85-4760-8E85-8B3BCCC870E7}.Release|x86.Build.0 = Release|Win32
	EndGlobalSection
	GlobalSection(SolutionProperties) = preSolution
		HideSolutionNode = FALSE
	EndGlobalSection
	GlobalSection(NestedProjects) = preSolution
		{872534DE-74E2-4B2F-9445-084B252F8A18} = {C97777A0-E586-4ED2-8D42-A6307B52CAFE}
		{B108255E-41A6-4362-B8CA-46328C7F8552} = {C97777A0-E586-4ED2-8D42-A6307B52CAFE}
		{6BEACAB8-54DE-4220-AB6C-845E6676CF1A} = {C97777A0-E586-4ED2-8D42-A6307B52CAFE}
		{A559C789-CFA9-469A-B5EB-881C862AA186} = {C97777A0-E586-4ED2-8D42-A6307B52CAFE}
		{A4E064EF-3D85-4760-8E85-8B3BCCC870E7} = {C97777A0-E586-4ED2-8D42-A6307B52CAFE}
	EndGlobalSection
	GlobalSection(ExtensibilityGlobals) = postSolution
		SolutionGuid = {C6191AF8-2845-49AE-B303-B675679A4428}
	EndGlobalSection
EndGlobal
